
Microsoft Visual Studio Solution File, Format Version 12.00
# Visual Studio Version 16
VisualStudioVersion = 16.0.28714.193
MinimumVisualStudioVersion = 10.0.40219.1
Project("{FAE04EC0-301F-11D3-BF4B-00C04F79EFBC}") = "Northwind.Domain", "Northwind.Domain\Northwind.Domain.csproj", "{61712A28-1C25-4D24-A1C2-F06C0D496A45}"
EndProject
Project("{FAE04EC0-301F-11D3-BF4B-00C04F79EFBC}") = "Northwind.Common", "Northwind.Common\Northwind.Common.csproj", "{E23303E8-E163-4819-8D88-4C52190F4767}"
EndProject
Project("{FAE04EC0-301F-11D3-BF4B-00C04F79EFBC}") = "Northwind.Application", "Northwind.Application\Northwind.Application.csproj", "{BFD64167-10AB-46B7-B3DE-59089D5247CC}"
EndProject
Project("{FAE04EC0-301F-11D3-BF4B-00C04F79EFBC}") = "Northwind.WebUI", "Northwind.WebUI\Northwind.WebUI.csproj", "{AF6C7CA0-7D9E-42D3-B032-29D778F061B4}"
EndProject
Project("{FAE04EC0-301F-11D3-BF4B-00C04F79EFBC}") = "Northwind.Console", "Northwind.Console\Northwind.Console.csproj", "{1CD8523B-39E2-4BA8-A2B2-25EDF41ACCB5}"
EndProject
Project("{FAE04EC0-301F-11D3-BF4B-00C04F79EFBC}") = "Northwind.Database", "Northwind.Database\Northwind.Database.csproj", "{BDC07643-D2DF-4EBF-B4CC-A9B8BA1E6060}"
EndProject
Project("{FAE04EC0-301F-11D3-BF4B-00C04F79EFBC}") = "Northwind.Tests.Integration", "Northwind.Tests.Integration\Northwind.Tests.Integration.csproj", "{6D1AC0F2-6BEA-4869-8F8C-8C69C2009A80}"
EndProject
Project("{FAE04EC0-301F-11D3-BF4B-00C04F79EFBC}") = "Northwind.Tests", "Northwind.Tests\Northwind.Tests.csproj", "{A671E9B0-0143-4058-A5E0-E344B5599A14}"
EndProject
Project("{2150E333-8FDC-42A3-9474-1A3956D46DE8}") = "Core", "Core", "{D119702A-A684-4C10-AE5F-2405371855C4}"
EndProject
Project("{2150E333-8FDC-42A3-9474-1A3956D46DE8}") = "Infrastructure", "Infrastructure", "{2479B6D3-D3FE-48AC-A35C-4B06ED1A6E19}"
EndProject
Project("{2150E333-8FDC-42A3-9474-1A3956D46DE8}") = "Presentation", "Presentation", "{D0860EF8-9B13-4676-A86E-A95F5E707E3E}"
EndProject
Project("{2150E333-8FDC-42A3-9474-1A3956D46DE8}") = "Tests", "Tests", "{7A4D6B1A-BD2C-443A-9DCB-E7521F96DA5F}"
EndProject
Project("{FAE04EC0-301F-11D3-BF4B-00C04F79EFBC}") = "Northwind.Persistence", "Northwind.Persistence\Northwind.Persistence.csproj", "{BCB2063A-EB5B-4E1E-AA3C-AC8EA9F2283C}"
EndProject
Project("{2150E333-8FDC-42A3-9474-1A3956D46DE8}") = "Misc", "Misc", "{82328F8C-30B9-4C19-B83B-EDFF9B705163}"
EndProject
Project("{FAE04EC0-301F-11D3-BF4B-00C04F79EFBC}") = "Northwind.Infrastructure", "Northwind.Infrastructure\Northwind.Infrastructure.csproj", "{308FC50A-478D-43D4-A334-AC01C518626E}"
EndProject
Global
	GlobalSection(SolutionConfigurationPlatforms) = preSolution
		Debug|Any CPU = Debug|Any CPU
		Release|Any CPU = Release|Any CPU
	EndGlobalSection
	GlobalSection(ProjectConfigurationPlatforms) = postSolution
		{61712A28-1C25-4D24-A1C2-F06C0D496A45}.Debug|Any CPU.ActiveCfg = Debug|Any CPU
		{61712A28-1C25-4D24-A1C2-F06C0D496A45}.Debug|Any CPU.Build.0 = Debug|Any CPU
		{61712A28-1C25-4D24-A1C2-F06C0D496A45}.Release|Any CPU.ActiveCfg = Release|Any CPU
		{61712A28-1C25-4D24-A1C2-F06C0D496A45}.Release|Any CPU.Build.0 = Release|Any CPU
		{E23303E8-E163-4819-8D88-4C52190F4767}.Debug|Any CPU.ActiveCfg = Debug|Any CPU
		{E23303E8-E163-4819-8D88-4C52190F4767}.Debug|Any CPU.Build.0 = Debug|Any CPU
		{E23303E8-E163-4819-8D88-4C52190F4767}.Release|Any CPU.ActiveCfg = Release|Any CPU
		{E23303E8-E163-4819-8D88-4C52190F4767}.Release|Any CPU.Build.0 = Release|Any CPU
		{BFD64167-10AB-46B7-B3DE-59089D5247CC}.Debug|Any CPU.ActiveCfg = Debug|Any CPU
		{BFD64167-10AB-46B7-B3DE-59089D5247CC}.Debug|Any CPU.Build.0 = Debug|Any CPU
		{BFD64167-10AB-46B7-B3DE-59089D5247CC}.Release|Any CPU.ActiveCfg = Release|Any CPU
		{BFD64167-10AB-46B7-B3DE-59089D5247CC}.Release|Any CPU.Build.0 = Release|Any CPU
		{AF6C7CA0-7D9E-42D3-B032-29D778F061B4}.Debug|Any CPU.ActiveCfg = Debug|Any CPU
		{AF6C7CA0-7D9E-42D3-B032-29D778F061B4}.Debug|Any CPU.Build.0 = Debug|Any CPU
		{AF6C7CA0-7D9E-42D3-B032-29D778F061B4}.Release|Any CPU.ActiveCfg = Release|Any CPU
		{AF6C7CA0-7D9E-42D3-B032-29D778F061B4}.Release|Any CPU.Build.0 = Release|Any CPU
		{1CD8523B-39E2-4BA8-A2B2-25EDF41ACCB5}.Debug|Any CPU.ActiveCfg = Debug|Any CPU
		{1CD8523B-39E2-4BA8-A2B2-25EDF41ACCB5}.Debug|Any CPU.Build.0 = Debug|Any CPU
		{1CD8523B-39E2-4BA8-A2B2-25EDF41ACCB5}.Release|Any CPU.ActiveCfg = Release|Any CPU
		{1CD8523B-39E2-4BA8-A2B2-25EDF41ACCB5}.Release|Any CPU.Build.0 = Release|Any CPU
		{BDC07643-D2DF-4EBF-B4CC-A9B8BA1E6060}.Debug|Any CPU.ActiveCfg = Debug|Any CPU
		{BDC07643-D2DF-4EBF-B4CC-A9B8BA1E6060}.Debug|Any CPU.Build.0 = Debug|Any CPU
		{BDC07643-D2DF-4EBF-B4CC-A9B8BA1E6060}.Release|Any CPU.ActiveCfg = Release|Any CPU
		{BDC07643-D2DF-4EBF-B4CC-A9B8BA1E6060}.Release|Any CPU.Build.0 = Release|Any CPU
		{6D1AC0F2-6BEA-4869-8F8C-8C69C2009A80}.Debug|Any CPU.ActiveCfg = Debug|Any CPU
		{6D1AC0F2-6BEA-4869-8F8C-8C69C2009A80}.Debug|Any CPU.Build.0 = Debug|Any CPU
		{6D1AC0F2-6BEA-4869-8F8C-8C69C2009A80}.Release|Any CPU.ActiveCfg = Release|Any CPU
		{6D1AC0F2-6BEA-4869-8F8C-8C69C2009A80}.Release|Any CPU.Build.0 = Release|Any CPU
		{A671E9B0-0143-4058-A5E0-E344B5599A14}.Debug|Any CPU.ActiveCfg = Debug|Any CPU
		{A671E9B0-0143-4058-A5E0-E344B5599A14}.Debug|Any CPU.Build.0 = Debug|Any CPU
		{A671E9B0-0143-4058-A5E0-E344B5599A14}.Release|Any CPU.ActiveCfg = Release|Any CPU
		{A671E9B0-0143-4058-A5E0-E344B5599A14}.Release|Any CPU.Build.0 = Release|Any CPU
		{BCB2063A-EB5B-4E1E-AA3C-AC8EA9F2283C}.Debug|Any CPU.ActiveCfg = Debug|Any CPU
		{BCB2063A-EB5B-4E1E-AA3C-AC8EA9F2283C}.Debug|Any CPU.Build.0 = Debug|Any CPU
		{BCB2063A-EB5B-4E1E-AA3C-AC8EA9F2283C}.Release|Any CPU.ActiveCfg = Release|Any CPU
		{BCB2063A-EB5B-4E1E-AA3C-AC8EA9F2283C}.Release|Any CPU.Build.0 = Release|Any CPU
		{308FC50A-478D-43D4-A334-AC01C518626E}.Debug|Any CPU.ActiveCfg = Debug|Any CPU
		{308FC50A-478D-43D4-A334-AC01C518626E}.Debug|Any CPU.Build.0 = Debug|Any CPU
		{308FC50A-478D-43D4-A334-AC01C518626E}.Release|Any CPU.ActiveCfg = Release|Any CPU
		{308FC50A-478D-43D4-A334-AC01C518626E}.Release|Any CPU.Build.0 = Release|Any CPU
	EndGlobalSection
	GlobalSection(SolutionProperties) = preSolution
		HideSolutionNode = FALSE
	EndGlobalSection
	GlobalSection(NestedProjects) = preSolution
		{BFD64167-10AB-46B7-B3DE-59089D5247CC} = {D119702A-A684-4C10-AE5F-2405371855C4}
		{E23303E8-E163-4819-8D88-4C52190F4767} = {D119702A-A684-4C10-AE5F-2405371855C4}
		{61712A28-1C25-4D24-A1C2-F06C0D496A45} = {D119702A-A684-4C10-AE5F-2405371855C4}
		{AF6C7CA0-7D9E-42D3-B032-29D778F061B4} = {D0860EF8-9B13-4676-A86E-A95F5E707E3E}
		{6D1AC0F2-6BEA-4869-8F8C-8C69C2009A80} = {7A4D6B1A-BD2C-443A-9DCB-E7521F96DA5F}
		{A671E9B0-0143-4058-A5E0-E344B5599A14} = {7A4D6B1A-BD2C-443A-9DCB-E7521F96DA5F}
		{BCB2063A-EB5B-4E1E-AA3C-AC8EA9F2283C} = {2479B6D3-D3FE-48AC-A35C-4B06ED1A6E19}
		{1CD8523B-39E2-4BA8-A2B2-25EDF41ACCB5} = {82328F8C-30B9-4C19-B83B-EDFF9B705163}
		{BDC07643-D2DF-4EBF-B4CC-A9B8BA1E6060} = {82328F8C-30B9-4C19-B83B-EDFF9B705163}
		{308FC50A-478D-43D4-A334-AC01C518626E} = {2479B6D3-D3FE-48AC-A35C-4B06ED1A6E19}
	EndGlobalSection
	GlobalSection(ExtensibilityGlobals) = postSolution
		SolutionGuid = {0D5D0CA3-C6B8-436C-82B0-39820C8A13FA}
	EndGlobalSection
EndGlobal
