
Microsoft Visual Studio Solution File, Format Version 12.00
# Visual Studio Version 16
VisualStudioVersion = 16.0.28714.193
MinimumVisualStudioVersion = 10.0.40219.1
Project("{FAE04EC0-301F-11D3-BF4B-00C04F79EFBC}") = "Northwind.Domain", "Northwind.Domain\Northwind.Domain.csproj", "{61712A28-1C25-4D24-A1C2-F06C0D496A45}"
EndProject
Project("{FAE04EC0-301F-11D3-BF4B-00C04F79EFBC}") = "Northwind.Common", "Northwind.Common\Northwind.Common.csproj", "{E23303E8-E163-4819-8D88-4C52190F4767}"
EndProject
Project("{FAE04EC0-301F-11D3-BF4B-00C04F79EFBC}") = "Northwind.Application", "Northwind.Application\Northwind.Application.csproj", "{BFD64167-10AB-46B7-B3DE-59089D5247CC}"
EndProject
Project("{FAE04EC0-301F-11D3-BF4B-00C04F79EFBC}") = "Northwind.WebUI", "Northwind.WebUI\Northwind.WebUI.csproj", "{AF6C7CA0-7D9E-42D3-B032-29D778F061B4}"
EndProject
Project("{FAE04EC0-301F-11D3-BF4B-00C04F79EFBC}") = "Northwind.Tests", "Northwind.Tests\Northwind.Tests.csproj", "{BDFE6496-0EED-4D5A-902A-6EF10131B363}"
EndProject
Project("{FAE04EC0-301F-11D3-BF4B-00C04F79EFBC}") = "Northwind.Console", "Northwind.Console\Northwind.Console.csproj", "{1CD8523B-39E2-4BA8-A2B2-25EDF41ACCB5}"
EndProject
Project("{FAE04EC0-301F-11D3-BF4B-00C04F79EFBC}") = "Northwind.Database", "Northwind.Database\Northwind.Database.csproj", "{BDC07643-D2DF-4EBF-B4CC-A9B8BA1E6060}"
EndProject
Project("{FAE04EC0-301F-11D3-BF4B-00C04F79EFBC}") = "Northwind.Tests.Integration", "Northwind.Tests.Integration\Northwind.Tests.Integration.csproj", "{6D1AC0F2-6BEA-4869-8F8C-8C69C2009A80}"
EndProject
Global
	GlobalSection(SolutionConfigurationPlatforms) = preSolution
		Debug|Any CPU = Debug|Any CPU
		Release|Any CPU = Release|Any CPU
	EndGlobalSection
	GlobalSection(ProjectConfigurationPlatforms) = postSolution
		{61712A28-1C25-4D24-A1C2-F06C0D496A45}.Debug|Any CPU.ActiveCfg = Debug|Any CPU
		{61712A28-1C25-4D24-A1C2-F06C0D496A45}.Debug|Any CPU.Build.0 = Debug|Any CPU
		{61712A28-1C25-4D24-A1C2-F06C0D496A45}.Release|Any CPU.ActiveCfg = Release|Any CPU
		{61712A28-1C25-4D24-A1C2-F06C0D496A45}.Release|Any CPU.Build.0 = Release|Any CPU
		{E23303E8-E163-4819-8D88-4C52190F4767}.Debug|Any CPU.ActiveCfg = Debug|Any CPU
		{E23303E8-E163-4819-8D88-4C52190F4767}.Debug|Any CPU.Build.0 = Debug|Any CPU
		{E23303E8-E163-4819-8D88-4C52190F4767}.Release|Any CPU.ActiveCfg = Release|Any CPU
		{E23303E8-E163-4819-8D88-4C52190F4767}.Release|Any CPU.Build.0 = Release|Any CPU
		{BFD64167-10AB-46B7-B3DE-59089D5247CC}.Debug|Any CPU.ActiveCfg = Debug|Any CPU
		{BFD64167-10AB-46B7-B3DE-59089D5247CC}.Debug|Any CPU.Build.0 = Debug|Any CPU
		{BFD64167-10AB-46B7-B3DE-59089D5247CC}.Release|Any CPU.ActiveCfg = Release|Any CPU
		{BFD64167-10AB-46B7-B3DE-59089D5247CC}.Release|Any CPU.Build.0 = Release|Any CPU
		{AF6C7CA0-7D9E-42D3-B032-29D778F061B4}.Debug|Any CPU.ActiveCfg = Debug|Any CPU
		{AF6C7CA0-7D9E-42D3-B032-29D778F061B4}.Debug|Any CPU.Build.0 = Debug|Any CPU
		{AF6C7CA0-7D9E-42D3-B032-29D778F061B4}.Release|Any CPU.ActiveCfg = Release|Any CPU
		{AF6C7CA0-7D9E-42D3-B032-29D778F061B4}.Release|Any CPU.Build.0 = Release|Any CPU
		{BDFE6496-0EED-4D5A-902A-6EF10131B363}.Debug|Any CPU.ActiveCfg = Debug|Any CPU
		{BDFE6496-0EED-4D5A-902A-6EF10131B363}.Debug|Any CPU.Build.0 = Debug|Any CPU
		{BDFE6496-0EED-4D5A-902A-6EF10131B363}.Release|Any CPU.ActiveCfg = Release|Any CPU
		{BDFE6496-0EED-4D5A-902A-6EF10131B363}.Release|Any CPU.Build.0 = Release|Any CPU
		{1CD8523B-39E2-4BA8-A2B2-25EDF41ACCB5}.Debug|Any CPU.ActiveCfg = Debug|Any CPU
		{1CD8523B-39E2-4BA8-A2B2-25EDF41ACCB5}.Debug|Any CPU.Build.0 = Debug|Any CPU
		{1CD8523B-39E2-4BA8-A2B2-25EDF41ACCB5}.Release|Any CPU.ActiveCfg = Release|Any CPU
		{1CD8523B-39E2-4BA8-A2B2-25EDF41ACCB5}.Release|Any CPU.Build.0 = Release|Any CPU
		{BDC07643-D2DF-4EBF-B4CC-A9B8BA1E6060}.Debug|Any CPU.ActiveCfg = Debug|Any CPU
		{BDC07643-D2DF-4EBF-B4CC-A9B8BA1E6060}.Debug|Any CPU.Build.0 = Debug|Any CPU
		{BDC07643-D2DF-4EBF-B4CC-A9B8BA1E6060}.Release|Any CPU.ActiveCfg = Release|Any CPU
		{BDC07643-D2DF-4EBF-B4CC-A9B8BA1E6060}.Release|Any CPU.Build.0 = Release|Any CPU
		{6D1AC0F2-6BEA-4869-8F8C-8C69C2009A80}.Debug|Any CPU.ActiveCfg = Debug|Any CPU
		{6D1AC0F2-6BEA-4869-8F8C-8C69C2009A80}.Debug|Any CPU.Build.0 = Debug|Any CPU
		{6D1AC0F2-6BEA-4869-8F8C-8C69C2009A80}.Release|Any CPU.ActiveCfg = Release|Any CPU
		{6D1AC0F2-6BEA-4869-8F8C-8C69C2009A80}.Release|Any CPU.Build.0 = Release|Any CPU
	EndGlobalSection
	GlobalSection(SolutionProperties) = preSolution
		HideSolutionNode = FALSE
	EndGlobalSection
	GlobalSection(NestedProjects) = preSolution
	EndGlobalSection
	GlobalSection(ExtensibilityGlobals) = postSolution
		SolutionGuid = {0D5D0CA3-C6B8-436C-82B0-39820C8A13FA}
	EndGlobalSection
EndGlobal
